
Microsoft Visual Studio Solution File, Format Version 12.00
# Visual Studio 15
Project("{FAE04EC0-301F-11D3-BF4B-00C04F79EFBC}") = "weather-xamarin", "weather-xamarin.csproj", "{F366FB56-449D-405D-A21D-17C5A767E8C4}"
EndProject
Global
	GlobalSection(SolutionConfigurationPlatforms) = preSolution
		Debug|iPhoneSimulator = Debug|iPhoneSimulator
		Release|iPhone = Release|iPhone
		Release|iPhoneSimulator = Release|iPhoneSimulator
		Debug|iPhone = Debug|iPhone
	EndGlobalSection
	GlobalSection(ProjectConfigurationPlatforms) = postSolution
		{F366FB56-449D-405D-A21D-17C5A767E8C4}.Debug|iPhoneSimulator.ActiveCfg = Debug|iPhoneSimulator
		{F366FB56-449D-405D-A21D-17C5A767E8C4}.Debug|iPhoneSimulator.Build.0 = Debug|iPhoneSimulator
		{F366FB56-449D-405D-A21D-17C5A767E8C4}.Release|iPhone.ActiveCfg = Release|iPhone
		{F366FB56-449D-405D-A21D-17C5A767E8C4}.Release|iPhone.Build.0 = Release|iPhone
		{F366FB56-449D-405D-A21D-17C5A767E8C4}.Release|iPhoneSimulator.ActiveCfg = Release|iPhoneSimulator
		{F366FB56-449D-405D-A21D-17C5A767E8C4}.Release|iPhoneSimulator.Build.0 = Release|iPhoneSimulator
		{F366FB56-449D-405D-A21D-17C5A767E8C4}.Debug|iPhone.ActiveCfg = Debug|iPhone
		{F366FB56-449D-405D-A21D-17C5A767E8C4}.Debug|iPhone.Build.0 = Debug|iPhone
	EndGlobalSection
EndGlobal
